
Microsoft Visual Studio Solution File, Format Version 12.00
# Visual Studio Version 16
VisualStudioVersion = 16.0.31911.196
MinimumVisualStudioVersion = 10.0.40219.1
Project("{FAE04EC0-301F-11D3-BF4B-00C04F79EFBC}") = "1.ExtractPersonInformation", "1.ExtractPersonInformation\1.ExtractPersonInformation.csproj", "{F4AFCEE1-A1F3-4F6C-A959-0F9EA0977B21}"
EndProject
Project("{FAE04EC0-301F-11D3-BF4B-00C04F79EFBC}") = "2.AsciiSumator", "2.AsciiSumator\2.AsciiSumator.csproj", "{CA2FD880-E95A-4214-A679-13292C0F6915}"
EndProject
Project("{FAE04EC0-301F-11D3-BF4B-00C04F79EFBC}") = "3.TreasureFinder", "3.TreasureFinder\3.TreasureFinder.csproj", "{1E18533C-9260-4A47-92F8-8A4756A1E5B0}"
EndProject
Project("{FAE04EC0-301F-11D3-BF4B-00C04F79EFBC}") = "4.MorseCodeTranslator", "4.MorseCodeTranslator\4.MorseCodeTranslator.csproj", "{DBD1C1F0-9DF8-4345-9E98-B5AA52E5CA0C}"
EndProject
Project("{FAE04EC0-301F-11D3-BF4B-00C04F79EFBC}") = "5.HTML", "5.HTML\5.HTML.csproj", "{ADD7E262-127A-4CD4-9E05-A1690C7F6EE1}"
EndProject
Global
	GlobalSection(SolutionConfigurationPlatforms) = preSolution
		Debug|Any CPU = Debug|Any CPU
		Release|Any CPU = Release|Any CPU
	EndGlobalSection
	GlobalSection(ProjectConfigurationPlatforms) = postSolution
		{F4AFCEE1-A1F3-4F6C-A959-0F9EA0977B21}.Debug|Any CPU.ActiveCfg = Debug|Any CPU
		{F4AFCEE1-A1F3-4F6C-A959-0F9EA0977B21}.Debug|Any CPU.Build.0 = Debug|Any CPU
		{F4AFCEE1-A1F3-4F6C-A959-0F9EA0977B21}.Release|Any CPU.ActiveCfg = Release|Any CPU
		{F4AFCEE1-A1F3-4F6C-A959-0F9EA0977B21}.Release|Any CPU.Build.0 = Release|Any CPU
		{CA2FD880-E95A-4214-A679-13292C0F6915}.Debug|Any CPU.ActiveCfg = Debug|Any CPU
		{CA2FD880-E95A-4214-A679-13292C0F6915}.Debug|Any CPU.Build.0 = Debug|Any CPU
		{CA2FD880-E95A-4214-A679-13292C0F6915}.Release|Any CPU.ActiveCfg = Release|Any CPU
		{CA2FD880-E95A-4214-A679-13292C0F6915}.Release|Any CPU.Build.0 = Release|Any CPU
		{1E18533C-9260-4A47-92F8-8A4756A1E5B0}.Debug|Any CPU.ActiveCfg = Debug|Any CPU
		{1E18533C-9260-4A47-92F8-8A4756A1E5B0}.Debug|Any CPU.Build.0 = Debug|Any CPU
		{1E18533C-9260-4A47-92F8-8A4756A1E5B0}.Release|Any CPU.ActiveCfg = Release|Any CPU
		{1E18533C-9260-4A47-92F8-8A4756A1E5B0}.Release|Any CPU.Build.0 = Release|Any CPU
		{DBD1C1F0-9DF8-4345-9E98-B5AA52E5CA0C}.Debug|Any CPU.ActiveCfg = Debug|Any CPU
		{DBD1C1F0-9DF8-4345-9E98-B5AA52E5CA0C}.Debug|Any CPU.Build.0 = Debug|Any CPU
		{DBD1C1F0-9DF8-4345-9E98-B5AA52E5CA0C}.Release|Any CPU.ActiveCfg = Release|Any CPU
		{DBD1C1F0-9DF8-4345-9E98-B5AA52E5CA0C}.Release|Any CPU.Build.0 = Release|Any CPU
		{ADD7E262-127A-4CD4-9E05-A1690C7F6EE1}.Debug|Any CPU.ActiveCfg = Debug|Any CPU
		{ADD7E262-127A-4CD4-9E05-A1690C7F6EE1}.Debug|Any CPU.Build.0 = Debug|Any CPU
		{ADD7E262-127A-4CD4-9E05-A1690C7F6EE1}.Release|Any CPU.ActiveCfg = Release|Any CPU
		{ADD7E262-127A-4CD4-9E05-A1690C7F6EE1}.Release|Any CPU.Build.0 = Release|Any CPU
	EndGlobalSection
	GlobalSection(SolutionProperties) = preSolution
		HideSolutionNode = FALSE
	EndGlobalSection
	GlobalSection(ExtensibilityGlobals) = postSolution
		SolutionGuid = {3FA624FB-DCA4-422D-8525-4B606DAE85C6}
	EndGlobalSection
EndGlobal
